github.com/nexema/go v0.1.0 h1:uyNZpbkPTMw6yJSy4SEp4Hb4X1s0tXVkoZXRXCqLrhA=
github.com/nexema/go v0.1.0/go.mod h1:i7eVks/8Uug5x6Fa9vRnnJ92J1VZKAMAkw+7sgKmAjk=
github.com/nexema/go v1.7.0 h1:Rpw1fShFjyeEFwvEdyhrOid6eqX71/GF1i+vGH1dbqQ=
github.com/nexema/go v1.7.0/go.mod h1:keK2A4mK+ue878z8Ol/0E8F0kdM69n9Cje0jCt534Gs=
